
Microsoft Visual Studio Solution File, Format Version 12.00
# Visual Studio Version 17
VisualStudioVersion = 17.1.32210.238
MinimumVisualStudioVersion = 10.0.40219.1
Project("{8BC9CEB8-8B4A-11D0-8D11-00A0C91BC942}") = "CppGame", "CppGame\CppGame.vcxproj", "{0A850B86-1EDA-40BA-A89E-D27BB28452CA}"
EndProject
Global
	GlobalSection(SolutionConfigurationPlatforms) = preSolution
		Debug|x64 = Debug|x64
		Debug|x86 = Debug|x86
		Release|x64 = Release|x64
		Release|x86 = Release|x86
	EndGlobalSection
	GlobalSection(ProjectConfigurationPlatforms) = postSolution
		{0A850B86-1EDA-40BA-A89E-D27BB28452CA}.Debug|x64.ActiveCfg = Debug|x64
		{0A850B86-1EDA-40BA-A89E-D27BB28452CA}.Debug|x64.Build.0 = Debug|x64
		{0A850B86-1EDA-40BA-A89E-D27BB28452CA}.Debug|x86.ActiveCfg = Debug|Win32
		{0A850B86-1EDA-40BA-A89E-D27BB28452CA}.Debug|x86.Build.0 = Debug|Win32
		{0A850B86-1EDA-40BA-A89E-D27BB28452CA}.Release|x64.ActiveCfg = Release|x64
		{0A850B86-1EDA-40BA-A89E-D27BB28452CA}.Release|x64.Build.0 = Release|x64
		{0A850B86-1EDA-40BA-A89E-D27BB28452CA}.Release|x86.ActiveCfg = Release|Win32
		{0A850B86-1EDA-40BA-A89E-D27BB28452CA}.Release|x86.Build.0 = Release|Win32
	EndGlobalSection
	GlobalSection(SolutionProperties) = preSolution
		HideSolutionNode = FALSE
	EndGlobalSection
	GlobalSection(ExtensibilityGlobals) = postSolution
		SolutionGuid = {598DCC87-4C27-4A32-B5DA-2A73212A9C5C}
	EndGlobalSection
EndGlobal
